
Microsoft Visual Studio Solution File, Format Version 12.00
# Visual Studio Version 17
VisualStudioVersion = 17.3.32825.248
MinimumVisualStudioVersion = 10.0.40219.1
Project("{FAE04EC0-301F-11D3-BF4B-00C04F79EFBC}") = "BookStore", "BookStore.csproj", "{CF19EA7B-FD70-48A0-B8E3-C8373185C204}"
EndProject
Project("{FAE04EC0-301F-11D3-BF4B-00C04F79EFBC}") = "BookStore.Domain", "..\BookStore.Domain\BookStore.Domain.csproj", "{DA5F71A1-336E-47BB-8C90-D415A07B2A42}"
EndProject
Global
	GlobalSection(SolutionConfigurationPlatforms) = preSolution
		Debug|Any CPU = Debug|Any CPU
		Release|Any CPU = Release|Any CPU
	EndGlobalSection
	GlobalSection(ProjectConfigurationPlatforms) = postSolution
		{CF19EA7B-FD70-48A0-B8E3-C8373185C204}.Debug|Any CPU.ActiveCfg = Debug|Any CPU
		{CF19EA7B-FD70-48A0-B8E3-C8373185C204}.Debug|Any CPU.Build.0 = Debug|Any CPU
		{CF19EA7B-FD70-48A0-B8E3-C8373185C204}.Release|Any CPU.ActiveCfg = Release|Any CPU
		{CF19EA7B-FD70-48A0-B8E3-C8373185C204}.Release|Any CPU.Build.0 = Release|Any CPU
		{DA5F71A1-336E-47BB-8C90-D415A07B2A42}.Debug|Any CPU.ActiveCfg = Debug|Any CPU
		{DA5F71A1-336E-47BB-8C90-D415A07B2A42}.Debug|Any CPU.Build.0 = Debug|Any CPU
		{DA5F71A1-336E-47BB-8C90-D415A07B2A42}.Release|Any CPU.ActiveCfg = Release|Any CPU
		{DA5F71A1-336E-47BB-8C90-D415A07B2A42}.Release|Any CPU.Build.0 = Release|Any CPU
	EndGlobalSection
	GlobalSection(SolutionProperties) = preSolution
		HideSolutionNode = FALSE
	EndGlobalSection
	GlobalSection(ExtensibilityGlobals) = postSolution
		SolutionGuid = {35118584-6CA5-46FA-B795-5703752C8B50}
	EndGlobalSection
EndGlobal
